// !$*UTF8*$!
{
	archiveVersion = 1;
	classes = {
	};
	objectVersion = 48;
	objects = {

/* Begin PBXBuildFile section */
		CD156B5B2208CE350097D8AF /* NewLocationViewController.swift in Sources */ = {isa = PBXBuildFile; fileRef = CD156B5A2208CE350097D8AF /* NewLocationViewController.swift */; };
		CD156B5D2208E1060097D8AF /* NewLocationMapViewController.swift in Sources */ = {isa = PBXBuildFile; fileRef = CD156B5C2208E1060097D8AF /* NewLocationMapViewController.swift */; };
		CD5562662204F55600C88047 /* MapViewController.swift in Sources */ = {isa = PBXBuildFile; fileRef = CD5562652204F55600C88047 /* MapViewController.swift */; };
		CD5888362204A937009FB946 /* GCDBlackBox.swift in Sources */ = {isa = PBXBuildFile; fileRef = CD5888352204A937009FB946 /* GCDBlackBox.swift */; };
		CD70D00B21F2136700424749 /* AppDelegate.swift in Sources */ = {isa = PBXBuildFile; fileRef = CD70D00A21F2136700424749 /* AppDelegate.swift */; };
		CD70D00D21F2136700424749 /* LoginViewController.swift in Sources */ = {isa = PBXBuildFile; fileRef = CD70D00C21F2136700424749 /* LoginViewController.swift */; };
		CD70D01021F2136700424749 /* Main.storyboard in Resources */ = {isa = PBXBuildFile; fileRef = CD70D00E21F2136700424749 /* Main.storyboard */; };
		CD70D01221F2136700424749 /* Assets.xcassets in Resources */ = {isa = PBXBuildFile; fileRef = CD70D01121F2136700424749 /* Assets.xcassets */; };
		CD70D01521F2136700424749 /* LaunchScreen.storyboard in Resources */ = {isa = PBXBuildFile; fileRef = CD70D01321F2136700424749 /* LaunchScreen.storyboard */; };
		CD7557E722024D920048C4FF /* API.swift in Sources */ = {isa = PBXBuildFile; fileRef = CD7557E622024D920048C4FF /* API.swift */; };
		CD7557E922024DCC0048C4FF /* APIConstants.swift in Sources */ = {isa = PBXBuildFile; fileRef = CD7557E822024DCC0048C4FF /* APIConstants.swift */; };
		CD7557EB22024DF70048C4FF /* StudentLocation.swift in Sources */ = {isa = PBXBuildFile; fileRef = CD7557EA22024DF70048C4FF /* StudentLocation.swift */; };
		CD7557ED22024E110048C4FF /* LocationsData.swift in Sources */ = {isa = PBXBuildFile; fileRef = CD7557EC22024E110048C4FF /* LocationsData.swift */; };
		CD86C6342205E24E00DD38C3 /* LocationsTableViewController.swift in Sources */ = {isa = PBXBuildFile; fileRef = CD86C6332205E24E00DD38C3 /* LocationsTableViewController.swift */; };
/* End PBXBuildFile section */

/* Begin PBXFileReference section */
		CD156B5A2208CE350097D8AF /* NewLocationViewController.swift */ = {isa = PBXFileReference; lastKnownFileType = sourcecode.swift; path = NewLocationViewController.swift; sourceTree = "<group>"; };
		CD156B5C2208E1060097D8AF /* NewLocationMapViewController.swift */ = {isa = PBXFileReference; lastKnownFileType = sourcecode.swift; path = NewLocationMapViewController.swift; sourceTree = "<group>"; };
		CD5562652204F55600C88047 /* MapViewController.swift */ = {isa = PBXFileReference; lastKnownFileType = sourcecode.swift; path = MapViewController.swift; sourceTree = "<group>"; };
		CD5888352204A937009FB946 /* GCDBlackBox.swift */ = {isa = PBXFileReference; lastKnownFileType = sourcecode.swift; path = GCDBlackBox.swift; sourceTree = "<group>"; };
		CD70D00721F2136700424749 /* OnTheMap.app */ = {isa = PBXFileReference; explicitFileType = wrapper.application; includeInIndex = 0; path = OnTheMap.app; sourceTree = BUILT_PRODUCTS_DIR; };
		CD70D00A21F2136700424749 /* AppDelegate.swift */ = {isa = PBXFileReference; lastKnownFileType = sourcecode.swift; path = AppDelegate.swift; sourceTree = "<group>"; };
		CD70D00C21F2136700424749 /* LoginViewController.swift */ = {isa = PBXFileReference; lastKnownFileType = sourcecode.swift; path = LoginViewController.swift; sourceTree = "<group>"; };
		CD70D00F21F2136700424749 /* Base */ = {isa = PBXFileReference; lastKnownFileType = file.storyboard; name = Base; path = Base.lproj/Main.storyboard; sourceTree = "<group>"; };
		CD70D01121F2136700424749 /* Assets.xcassets */ = {isa = PBXFileReference; lastKnownFileType = folder.assetcatalog; path = Assets.xcassets; sourceTree = "<group>"; };
		CD70D01421F2136700424749 /* Base */ = {isa = PBXFileReference; lastKnownFileType = file.storyboard; name = Base; path = Base.lproj/LaunchScreen.storyboard; sourceTree = "<group>"; };
		CD70D01621F2136700424749 /* Info.plist */ = {isa = PBXFileReference; lastKnownFileType = text.plist.xml; path = Info.plist; sourceTree = "<group>"; };
		CD7557E622024D920048C4FF /* API.swift */ = {isa = PBXFileReference; lastKnownFileType = sourcecode.swift; path = API.swift; sourceTree = "<group>"; };
		CD7557E822024DCC0048C4FF /* APIConstants.swift */ = {isa = PBXFileReference; lastKnownFileType = sourcecode.swift; path = APIConstants.swift; sourceTree = "<group>"; };
		CD7557EA22024DF70048C4FF /* StudentLocation.swift */ = {isa = PBXFileReference; lastKnownFileType = sourcecode.swift; path = StudentLocation.swift; sourceTree = "<group>"; };
		CD7557EC22024E110048C4FF /* LocationsData.swift */ = {isa = PBXFileReference; lastKnownFileType = sourcecode.swift; path = LocationsData.swift; sourceTree = "<group>"; };
		CD86C6332205E24E00DD38C3 /* LocationsTableViewController.swift */ = {isa = PBXFileReference; lastKnownFileType = sourcecode.swift; path = LocationsTableViewController.swift; sourceTree = "<group>"; };
/* End PBXFileReference section */

/* Begin PBXFrameworksBuildPhase section */
		CD70D00421F2136700424749 /* Frameworks */ = {
			isa = PBXFrameworksBuildPhase;
			buildActionMask = 2147483647;
			files = (
			);
			runOnlyForDeploymentPostprocessing = 0;
		};
/* End PBXFrameworksBuildPhase section */

/* Begin PBXGroup section */
		CD70CFFE21F2136700424749 = {
			isa = PBXGroup;
			children = (
				CD70D00921F2136700424749 /* OnTheMap */,
				CD70D00821F2136700424749 /* Products */,
			);
			sourceTree = "<group>";
		};
		CD70D00821F2136700424749 /* Products */ = {
			isa = PBXGroup;
			children = (
				CD70D00721F2136700424749 /* OnTheMap.app */,
			);
			name = Products;
			sourceTree = "<group>";
		};
		CD70D00921F2136700424749 /* OnTheMap */ = {
			isa = PBXGroup;
			children = (
				CD7557E5220246410048C4FF /* View */,
				CD7557E42202462E0048C4FF /* Network */,
				CD7557E3220246190048C4FF /* Controller */,
				CD7557E2220245F90048C4FF /* Model */,
				CD70D00A21F2136700424749 /* AppDelegate.swift */,
				CD70D00E21F2136700424749 /* Main.storyboard */,
				CD70D01121F2136700424749 /* Assets.xcassets */,
				CD70D01321F2136700424749 /* LaunchScreen.storyboard */,
				CD70D01621F2136700424749 /* Info.plist */,
				CD5888352204A937009FB946 /* GCDBlackBox.swift */,
			);
			path = OnTheMap;
			sourceTree = "<group>";
		};
		CD7557E2220245F90048C4FF /* Model */ = {
			isa = PBXGroup;
			children = (
				CD7557EA22024DF70048C4FF /* StudentLocation.swift */,
				CD7557EC22024E110048C4FF /* LocationsData.swift */,
			);
			path = Model;
			sourceTree = "<group>";
		};
		CD7557E3220246190048C4FF /* Controller */ = {
			isa = PBXGroup;
			children = (
				CD70D00C21F2136700424749 /* LoginViewController.swift */,
				CD5562652204F55600C88047 /* MapViewController.swift */,
				CD86C6332205E24E00DD38C3 /* LocationsTableViewController.swift */,
				CD156B5A2208CE350097D8AF /* NewLocationViewController.swift */,
				CD156B5C2208E1060097D8AF /* NewLocationMapViewController.swift */,
			);
			path = Controller;
			sourceTree = "<group>";
		};
		CD7557E42202462E0048C4FF /* Network */ = {
			isa = PBXGroup;
			children = (
				CD7557E622024D920048C4FF /* API.swift */,
				CD7557E822024DCC0048C4FF /* APIConstants.swift */,
			);
			path = Network;
			sourceTree = "<group>";
		};
		CD7557E5220246410048C4FF /* View */ = {
			isa = PBXGroup;
			children = (
			);
			path = View;
			sourceTree = "<group>";
		};
/* End PBXGroup section */

/* Begin PBXNativeTarget section */
		CD70D00621F2136700424749 /* OnTheMap */ = {
			isa = PBXNativeTarget;
			buildConfigurationList = CD70D01921F2136700424749 /* Build configuration list for PBXNativeTarget "OnTheMap" */;
			buildPhases = (
				CD70D00321F2136700424749 /* Sources */,
				CD70D00421F2136700424749 /* Frameworks */,
				CD70D00521F2136700424749 /* Resources */,
			);
			buildRules = (
			);
			dependencies = (
			);
			name = OnTheMap;
			productName = OnTheMap;
			productReference = CD70D00721F2136700424749 /* OnTheMap.app */;
			productType = "com.apple.product-type.application";
		};
/* End PBXNativeTarget section */

/* Begin PBXProject section */
		CD70CFFF21F2136700424749 /* Project object */ = {
			isa = PBXProject;
			attributes = {
				LastSwiftUpdateCheck = 0900;
				LastUpgradeCheck = 0900;
				ORGANIZATIONNAME = "Mohammed ALZAHRANI";
				TargetAttributes = {
					CD70D00621F2136700424749 = {
						CreatedOnToolsVersion = 9.0.1;
						ProvisioningStyle = Automatic;
					};
				};
			};
			buildConfigurationList = CD70D00221F2136700424749 /* Build configuration list for PBXProject "OnTheMap" */;
			compatibilityVersion = "Xcode 8.0";
			developmentRegion = en;
			hasScannedForEncodings = 0;
			knownRegions = (
				en,
				Base,
			);
			mainGroup = CD70CFFE21F2136700424749;
			productRefGroup = CD70D00821F2136700424749 /* Products */;
			projectDirPath = "";
			projectRoot = "";
			targets = (
				CD70D00621F2136700424749 /* OnTheMap */,
			);
		};
/* End PBXProject section */

/* Begin PBXResourcesBuildPhase section */
		CD70D00521F2136700424749 /* Resources */ = {
			isa = PBXResourcesBuildPhase;
			buildActionMask = 2147483647;
			files = (
				CD70D01521F2136700424749 /* LaunchScreen.storyboard in Resources */,
				CD70D01221F2136700424749 /* Assets.xcassets in Resources */,
				CD70D01021F2136700424749 /* Main.storyboard in Resources */,
			);
			runOnlyForDeploymentPostprocessing = 0;
		};
/* End PBXResourcesBuildPhase section */

/* Begin PBXSourcesBuildPhase section */
		CD70D00321F2136700424749 /* Sources */ = {
			isa = PBXSourcesBuildPhase;
			buildActionMask = 2147483647;
			files = (
				CD7557ED22024E110048C4FF /* LocationsData.swift in Sources */,
				CD7557EB22024DF70048C4FF /* StudentLocation.swift in Sources */,
				CD86C6342205E24E00DD38C3 /* LocationsTableViewController.swift in Sources */,
				CD70D00D21F2136700424749 /* LoginViewController.swift in Sources */,
				CD7557E922024DCC0048C4FF /* APIConstants.swift in Sources */,
				CD156B5D2208E1060097D8AF /* NewLocationMapViewController.swift in Sources */,
				CD7557E722024D920048C4FF /* API.swift in Sources */,
				CD5888362204A937009FB946 /* GCDBlackBox.swift in Sources */,
				CD70D00B21F2136700424749 /* AppDelegate.swift in Sources */,
				CD156B5B2208CE350097D8AF /* NewLocationViewController.swift in Sources */,
				CD5562662204F55600C88047 /* MapViewController.swift in Sources */,
			);
			runOnlyForDeploymentPostprocessing = 0;
		};
/* End PBXSourcesBuildPhase section */

/* Begin PBXVariantGroup section */
		CD70D00E21F2136700424749 /* Main.storyboard */ = {
			isa = PBXVariantGroup;
			children = (
				CD70D00F21F2136700424749 /* Base */,
			);
			name = Main.storyboard;
			sourceTree = "<group>";
		};
		CD70D01321F2136700424749 /* LaunchScreen.storyboard */ = {
			isa = PBXVariantGroup;
			children = (
				CD70D01421F2136700424749 /* Base */,
			);
			name = LaunchScreen.storyboard;
			sourceTree = "<group>";
		};
/* End PBXVariantGroup section */

/* Begin XCBuildConfiguration section */
		CD70D01721F2136700424749 /* Debug */ = {
			isa = XCBuildConfiguration;
			buildSettings = {
				ALWAYS_SEARCH_USER_PATHS = NO;
				CLANG_ANALYZER_NONNULL = YES;
				CLANG_ANALYZER_NUMBER_OBJECT_CONVERSION = YES_AGGRESSIVE;
				CLANG_CXX_LANGUAGE_STANDARD = "gnu++14";
				CLANG_CXX_LIBRARY = "libc++";
				CLANG_ENABLE_MODULES = YES;
				CLANG_ENABLE_OBJC_ARC = YES;
				CLANG_WARN_BLOCK_CAPTURE_AUTORELEASING = YES;
				CLANG_WARN_BOOL_CONVERSION = YES;
				CLANG_WARN_COMMA = YES;
				CLANG_WARN_CONSTANT_CONVERSION = YES;
				CLANG_WARN_DIRECT_OBJC_ISA_USAGE = YES_ERROR;
				CLANG_WARN_DOCUMENTATION_COMMENTS = YES;
				CLANG_WARN_EMPTY_BODY = YES;
				CLANG_WARN_ENUM_CONVERSION = YES;
				CLANG_WARN_INFINITE_RECURSION = YES;
				CLANG_WARN_INT_CONVERSION = YES;
				CLANG_WARN_NON_LITERAL_NULL_CONVERSION = YES;
				CLANG_WARN_OBJC_LITERAL_CONVERSION = YES;
				CLANG_WARN_OBJC_ROOT_CLASS = YES_ERROR;
				CLANG_WARN_RANGE_LOOP_ANALYSIS = YES;
				CLANG_WARN_STRICT_PROTOTYPES = YES;
				CLANG_WARN_SUSPICIOUS_MOVE = YES;
				CLANG_WARN_UNGUARDED_AVAILABILITY = YES_AGGRESSIVE;
				CLANG_WARN_UNREACHABLE_CODE = YES;
				CLANG_WARN__DUPLICATE_METHOD_MATCH = YES;
				CODE_SIGN_IDENTITY = "iPhone Developer";
				COPY_PHASE_STRIP = NO;
				DEBUG_INFORMATION_FORMAT = dwarf;
				DEVELOPMENT_TEAM = E428H6TRXY;
				ENABLE_STRICT_OBJC_MSGSEND = YES;
				ENABLE_TESTABILITY = YES;
				GCC_C_LANGUAGE_STANDARD = gnu11;
				GCC_DYNAMIC_NO_PIC = NO;
				GCC_NO_COMMON_BLOCKS = YES;
				GCC_OPTIMIZATION_LEVEL = 0;
				GCC_PREPROCESSOR_DEFINITIONS = (
					"DEBUG=1",
					"$(inherited)",
				);
				GCC_WARN_64_TO_32_BIT_CONVERSION = YES;
				GCC_WARN_ABOUT_RETURN_TYPE = YES_ERROR;
				GCC_WARN_UNDECLARED_SELECTOR = YES;
				GCC_WARN_UNINITIALIZED_AUTOS = YES_AGGRESSIVE;
				GCC_WARN_UNUSED_FUNCTION = YES;
				GCC_WARN_UNUSED_VARIABLE = YES;
				IPHONEOS_DEPLOYMENT_TARGET = 11.0;
				MTL_ENABLE_DEBUG_INFO = YES;
				ONLY_ACTIVE_ARCH = YES;
				SDKROOT = iphoneos;
				SWIFT_ACTIVE_COMPILATION_CONDITIONS = DEBUG;
				SWIFT_OPTIMIZATION_LEVEL = "-Onone";
			};
			name = Debug;
		};
		CD70D01821F2136700424749 /* Release */ = {
			isa = XCBuildConfiguration;
			buildSettings = {
				ALWAYS_SEARCH_USER_PATHS = NO;
				CLANG_ANALYZER_NONNULL = YES;
				CLANG_ANALYZER_NUMBER_OBJECT_CONVERSION = YES_AGGRESSIVE;
				CLANG_CXX_LANGUAGE_STANDARD = "gnu++14";
				CLANG_CXX_LIBRARY = "libc++";
				CLANG_ENABLE_MODULES = YES;
				CLANG_ENABLE_OBJC_ARC = YES;
				CLANG_WARN_BLOCK_CAPTURE_AUTORELEASING = YES;
				CLANG_WARN_BOOL_CONVERSION = YES;
				CLANG_WARN_COMMA = YES;
				CLANG_WARN_CONSTANT_CONVERSION = YES;
				CLANG_WARN_DIRECT_OBJC_ISA_USAGE = YES_ERROR;
				CLANG_WARN_DOCUMENTATION_COMMENTS = YES;
				CLANG_WARN_EMPTY_BODY = YES;
				CLANG_WARN_ENUM_CONVERSION = YES;
				CLANG_WARN_INFINITE_RECURSION = YES;
				CLANG_WARN_INT_CONVERSION = YES;
				CLANG_WARN_NON_LITERAL_NULL_CONVERSION = YES;
				CLANG_WARN_OBJC_LITERAL_CONVERSION = YES;
				CLANG_WARN_OBJC_ROOT_CLASS = YES_ERROR;
				CLANG_WARN_RANGE_LOOP_ANALYSIS = YES;
				CLANG_WARN_STRICT_PROTOTYPES = YES;
				CLANG_WARN_SUSPICIOUS_MOVE = YES;
				CLANG_WARN_UNGUARDED_AVAILABILITY = YES_AGGRESSIVE;
				CLANG_WARN_UNREACHABLE_CODE = YES;
				CLANG_WARN__DUPLICATE_METHOD_MATCH = YES;
				CODE_SIGN_IDENTITY = "iPhone Developer";
				COPY_PHASE_STRIP = NO;
				DEBUG_INFORMATION_FORMAT = "dwarf-with-dsym";
				DEVELOPMENT_TEAM = E428H6TRXY;
				ENABLE_NS_ASSERTIONS = NO;
				ENABLE_STRICT_OBJC_MSGSEND = YES;
				GCC_C_LANGUAGE_STANDARD = gnu11;
				GCC_NO_COMMON_BLOCKS = YES;
				GCC_WARN_64_TO_32_BIT_CONVERSION = YES;
				GCC_WARN_ABOUT_RETURN_TYPE = YES_ERROR;
				GCC_WARN_UNDECLARED_SELECTOR = YES;
				GCC_WARN_UNINITIALIZED_AUTOS = YES_AGGRESSIVE;
				GCC_WARN_UNUSED_FUNCTION = YES;
				GCC_WARN_UNUSED_VARIABLE = YES;
				IPHONEOS_DEPLOYMENT_TARGET = 11.0;
				MTL_ENABLE_DEBUG_INFO = NO;
				SDKROOT = iphoneos;
				SWIFT_OPTIMIZATION_LEVEL = "-Owholemodule";
				VALIDATE_PRODUCT = YES;
			};
			name = Release;
		};
		CD70D01A21F2136700424749 /* Debug */ = {
			isa = XCBuildConfiguration;
			buildSettings = {
				ASSETCATALOG_COMPILER_APPICON_NAME = AppIcon;
				CODE_SIGN_STYLE = Automatic;
				INFOPLIST_FILE = OnTheMap/Info.plist;
				LD_RUNPATH_SEARCH_PATHS = "$(inherited) @executable_path/Frameworks";
				PRODUCT_BUNDLE_IDENTIFIER = e.OnTheMap;
				PRODUCT_NAME = "$(TARGET_NAME)";
				SWIFT_VERSION = 4.0;
				TARGETED_DEVICE_FAMILY = "1,2";
			};
			name = Debug;
		};
		CD70D01B21F2136700424749 /* Release */ = {
			isa = XCBuildConfiguration;
			buildSettings = {
				ASSETCATALOG_COMPILER_APPICON_NAME = AppIcon;
				CODE_SIGN_STYLE = Automatic;
				INFOPLIST_FILE = OnTheMap/Info.plist;
				LD_RUNPATH_SEARCH_PATHS = "$(inherited) @executable_path/Frameworks";
				PRODUCT_BUNDLE_IDENTIFIER = e.OnTheMap;
				PRODUCT_NAME = "$(TARGET_NAME)";
				SWIFT_VERSION = 4.0;
				TARGETED_DEVICE_FAMILY = "1,2";
			};
			name = Release;
		};
/* End XCBuildConfiguration section */

/* Begin XCConfigurationList section */
		CD70D00221F2136700424749 /* Build configuration list for PBXProject "OnTheMap" */ = {
			isa = XCConfigurationList;
			buildConfigurations = (
				CD70D01721F2136700424749 /* Debug */,
				CD70D01821F2136700424749 /* Release */,
			);
			defaultConfigurationIsVisible = 0;
			defaultConfigurationName = Release;
		};
		CD70D01921F2136700424749 /* Build configuration list for PBXNativeTarget "OnTheMap" */ = {
			isa = XCConfigurationList;
			buildConfigurations = (
				CD70D01A21F2136700424749 /* Debug */,
				CD70D01B21F2136700424749 /* Release */,
			);
			defaultConfigurationIsVisible = 0;
			defaultConfigurationName = Release;
		};
/* End XCConfigurationList section */
	};
	rootObject = CD70CFFF21F2136700424749 /* Project object */;
}
